// !$*UTF8*$!
{
	archiveVersion = 1;
	classes = {
	};
	objectVersion = 46;
	objects = {

/* Begin PBXBuildFile section */
		1825A50B1E58314100676294 /* Tofino Black.ttf in Resources */ = {isa = PBXBuildFile; fileRef = 1825A5031E58314100676294 /* Tofino Black.ttf */; };
		1825A50C1E58314100676294 /* Tofino Bold.ttf in Resources */ = {isa = PBXBuildFile; fileRef = 1825A5041E58314100676294 /* Tofino Bold.ttf */; };
		1825A50D1E58314100676294 /* Tofino Book.ttf in Resources */ = {isa = PBXBuildFile; fileRef = 1825A5051E58314100676294 /* Tofino Book.ttf */; };
		1825A50E1E58314100676294 /* Tofino Light.ttf in Resources */ = {isa = PBXBuildFile; fileRef = 1825A5061E58314100676294 /* Tofino Light.ttf */; };
		1825A50F1E58314100676294 /* Tofino Medium.ttf in Resources */ = {isa = PBXBuildFile; fileRef = 1825A5071E58314100676294 /* Tofino Medium.ttf */; };
		1825A5101E58314100676294 /* Tofino Regular.ttf in Resources */ = {isa = PBXBuildFile; fileRef = 1825A5081E58314100676294 /* Tofino Regular.ttf */; };
		1825A5111E58314100676294 /* Tofino Thin.ttf in Resources */ = {isa = PBXBuildFile; fileRef = 1825A5091E58314100676294 /* Tofino Thin.ttf */; };
		1825A5121E58314100676294 /* Tofino Ultra.ttf in Resources */ = {isa = PBXBuildFile; fileRef = 1825A50A1E58314100676294 /* Tofino Ultra.ttf */; };
		1825A5151E58347B00676294 /* UITabBarController+TitleView.swift in Sources */ = {isa = PBXBuildFile; fileRef = 1825A5141E58347B00676294 /* UITabBarController+TitleView.swift */; };
		1825A51D1E583EDB00676294 /* FeedViewController.swift in Sources */ = {isa = PBXBuildFile; fileRef = 1825A51C1E583EDB00676294 /* FeedViewController.swift */; };
		1825A51F1E5842BF00676294 /* ProjectUpdateSectionController.swift in Sources */ = {isa = PBXBuildFile; fileRef = 1825A51E1E5842BF00676294 /* ProjectUpdateSectionController.swift */; };
		1825A5221E58434E00676294 /* ProjectUpdate.swift in Sources */ = {isa = PBXBuildFile; fileRef = 1825A5211E58434E00676294 /* ProjectUpdate.swift */; };
		184534601E5809FD0035409B /* AppDelegate.swift in Sources */ = {isa = PBXBuildFile; fileRef = 1845345F1E5809FD0035409B /* AppDelegate.swift */; };
		184534621E5809FD0035409B /* ViewController.swift in Sources */ = {isa = PBXBuildFile; fileRef = 184534611E5809FD0035409B /* ViewController.swift */; };
		184534651E5809FD0035409B /* Main.storyboard in Resources */ = {isa = PBXBuildFile; fileRef = 184534631E5809FD0035409B /* Main.storyboard */; };
		184534671E5809FD0035409B /* Assets.xcassets in Resources */ = {isa = PBXBuildFile; fileRef = 184534661E5809FD0035409B /* Assets.xcassets */; };
		1845346A1E5809FD0035409B /* LaunchScreen.storyboard in Resources */ = {isa = PBXBuildFile; fileRef = 184534681E5809FD0035409B /* LaunchScreen.storyboard */; };
		184534721E58145F0035409B /* Project.swift in Sources */ = {isa = PBXBuildFile; fileRef = 184534711E58145F0035409B /* Project.swift */; };
		184534741E5814DE0035409B /* NetworkTrialViewController.swift in Sources */ = {isa = PBXBuildFile; fileRef = 184534731E5814DD0035409B /* NetworkTrialViewController.swift */; };
		184534761E581A640035409B /* ProjectViewController.swift in Sources */ = {isa = PBXBuildFile; fileRef = 184534751E581A640035409B /* ProjectViewController.swift */; };
		184534781E581AB00035409B /* PostUpdateViewController.swift in Sources */ = {isa = PBXBuildFile; fileRef = 184534771E581AB00035409B /* PostUpdateViewController.swift */; };
		1845347A1E581AE60035409B /* SuggestionViewController.swift in Sources */ = {isa = PBXBuildFile; fileRef = 184534791E581AE60035409B /* SuggestionViewController.swift */; };
		185AA6781E58235B00E50847 /* NearbyProjectsViewController.swift in Sources */ = {isa = PBXBuildFile; fileRef = 185AA6771E58235B00E50847 /* NearbyProjectsViewController.swift */; };
		18978C061E5890EF0009A028 /* Arete.jpg in Resources */ = {isa = PBXBuildFile; fileRef = 18978C051E5890EF0009A028 /* Arete.jpg */; };
		18978C081E589CF50009A028 /* ProjectCoverViewCell.swift in Sources */ = {isa = PBXBuildFile; fileRef = 18978C071E589CF50009A028 /* ProjectCoverViewCell.swift */; };
		18978C0A1E589E2A0009A028 /* ProjectCoverSectionController.swift in Sources */ = {isa = PBXBuildFile; fileRef = 18978C091E589E2A0009A028 /* ProjectCoverSectionController.swift */; };
		18990E551E58B8E000EBCF65 /* AddProjectViewController.swift in Sources */ = {isa = PBXBuildFile; fileRef = 18990E541E58B8E000EBCF65 /* AddProjectViewController.swift */; };
		18990E581E58C87B00EBCF65 /* CustomCells.swift in Sources */ = {isa = PBXBuildFile; fileRef = 18990E571E58C87B00EBCF65 /* CustomCells.swift */; };
		18990E5C1E58D79400EBCF65 /* ImagePickerController.swift in Sources */ = {isa = PBXBuildFile; fileRef = 18990E5A1E58D79400EBCF65 /* ImagePickerController.swift */; };
		18990E5D1E58D79400EBCF65 /* ImageRow.swift in Sources */ = {isa = PBXBuildFile; fileRef = 18990E5B1E58D79400EBCF65 /* ImageRow.swift */; };
		18990E5F1E58DAE300EBCF65 /* ProjectInfoViewController.swift in Sources */ = {isa = PBXBuildFile; fileRef = 18990E5E1E58DAE300EBCF65 /* ProjectInfoViewController.swift */; };
		18990E611E58DC3F00EBCF65 /* ProjectInfoSectionController.swift in Sources */ = {isa = PBXBuildFile; fileRef = 18990E601E58DC3F00EBCF65 /* ProjectInfoSectionController.swift */; };
		18990E631E58DF0900EBCF65 /* BoldTextCell.swift in Sources */ = {isa = PBXBuildFile; fileRef = 18990E621E58DF0900EBCF65 /* BoldTextCell.swift */; };
		189D0E281E58A6300046DCD5 /* ProjectUpdateTitleCell.swift in Sources */ = {isa = PBXBuildFile; fileRef = 189D0E271E58A6300046DCD5 /* ProjectUpdateTitleCell.swift */; };
		189D0E2C1E58ABDA0046DCD5 /* hellohello.jpg in Resources */ = {isa = PBXBuildFile; fileRef = 189D0E2B1E58ABDA0046DCD5 /* hellohello.jpg */; };
		189D0E2E1E58B79B0046DCD5 /* TrackedProjectsViewController.swift in Sources */ = {isa = PBXBuildFile; fileRef = 189D0E2D1E58B79B0046DCD5 /* TrackedProjectsViewController.swift */; };
		18A9A6801E58E5AC00315A8E /* VoteSectionController.swift in Sources */ = {isa = PBXBuildFile; fileRef = 18A9A67F1E58E5AC00315A8E /* VoteSectionController.swift */; };
		18A9A6821E58E81700315A8E /* VoteCell.swift in Sources */ = {isa = PBXBuildFile; fileRef = 18A9A6811E58E81700315A8E /* VoteCell.swift */; };
		18A9A6881E5900DB00315A8E /* DismissAnimator.swift in Sources */ = {isa = PBXBuildFile; fileRef = 18A9A6871E5900DB00315A8E /* DismissAnimator.swift */; };
		18A9A68A1E59051E00315A8E /* Interactor.swift in Sources */ = {isa = PBXBuildFile; fileRef = 18A9A6891E59051E00315A8E /* Interactor.swift */; };
		18A9A68C1E590F0E00315A8E /* Networker.swift in Sources */ = {isa = PBXBuildFile; fileRef = 18A9A68B1E590F0E00315A8E /* Networker.swift */; };
		18C4E33D1E5938AD0032B538 /* GoogleService-Info.plist in Resources */ = {isa = PBXBuildFile; fileRef = 18C4E33C1E5938AD0032B538 /* GoogleService-Info.plist */; };
		18E391E51E58488600704FC0 /* TextCell.swift in Sources */ = {isa = PBXBuildFile; fileRef = 18E391E41E58488600704FC0 /* TextCell.swift */; };
		18E391E71E5848D000704FC0 /* TextSize.swift in Sources */ = {isa = PBXBuildFile; fileRef = 18E391E61E5848D000704FC0 /* TextSize.swift */; };
		18E391E91E58585400704FC0 /* DateCell.swift in Sources */ = {isa = PBXBuildFile; fileRef = 18E391E81E58585400704FC0 /* DateCell.swift */; };
		18E391EB1E5859A500704FC0 /* StaticDataLoader.swift in Sources */ = {isa = PBXBuildFile; fileRef = 18E391EA1E5859A500704FC0 /* StaticDataLoader.swift */; };
		18E391ED1E585D4100704FC0 /* NSObject+IGListDiffable.swift in Sources */ = {isa = PBXBuildFile; fileRef = 18E391EC1E585D4100704FC0 /* NSObject+IGListDiffable.swift */; };
		18E391F11E586D9B00704FC0 /* ProjectNameLocationViewCell.swift in Sources */ = {isa = PBXBuildFile; fileRef = 18E391F01E586D9B00704FC0 /* ProjectNameLocationViewCell.swift */; };
		18E391F31E586F2800704FC0 /* UIColor+Hex.swift in Sources */ = {isa = PBXBuildFile; fileRef = 18E391F21E586F2800704FC0 /* UIColor+Hex.swift */; };
		18E391F51E58725300704FC0 /* FeedProjectInfoSectionController.swift in Sources */ = {isa = PBXBuildFile; fileRef = 18E391F41E58725300704FC0 /* FeedProjectInfoSectionController.swift */; };
		18E391F81E587A7900704FC0 /* ImageCell.swift in Sources */ = {isa = PBXBuildFile; fileRef = 18E391F71E587A7900704FC0 /* ImageCell.swift */; };
		2BAC5DB7173EAB9575398F94 /* Pods_Project_Civ.framework in Frameworks */ = {isa = PBXBuildFile; fileRef = 8CDCB32C3FE2B6A7147CB779 /* Pods_Project_Civ.framework */; };
/* End PBXBuildFile section */

/* Begin PBXFileReference section */
		10583D41268B7B00E1FCC537 /* Pods-Project Civ.release.xcconfig */ = {isa = PBXFileReference; includeInIndex = 1; lastKnownFileType = text.xcconfig; name = "Pods-Project Civ.release.xcconfig"; path = "Pods/Target Support Files/Pods-Project Civ/Pods-Project Civ.release.xcconfig"; sourceTree = "<group>"; };
		1825A5031E58314100676294 /* Tofino Black.ttf */ = {isa = PBXFileReference; lastKnownFileType = file; path = "Tofino Black.ttf"; sourceTree = "<group>"; };
		1825A5041E58314100676294 /* Tofino Bold.ttf */ = {isa = PBXFileReference; lastKnownFileType = file; path = "Tofino Bold.ttf"; sourceTree = "<group>"; };
		1825A5051E58314100676294 /* Tofino Book.ttf */ = {isa = PBXFileReference; lastKnownFileType = file; path = "Tofino Book.ttf"; sourceTree = "<group>"; };
		1825A5061E58314100676294 /* Tofino Light.ttf */ = {isa = PBXFileReference; lastKnownFileType = file; path = "Tofino Light.ttf"; sourceTree = "<group>"; };
		1825A5071E58314100676294 /* Tofino Medium.ttf */ = {isa = PBXFileReference; lastKnownFileType = file; path = "Tofino Medium.ttf"; sourceTree = "<group>"; };
		1825A5081E58314100676294 /* Tofino Regular.ttf */ = {isa = PBXFileReference; lastKnownFileType = file; path = "Tofino Regular.ttf"; sourceTree = "<group>"; };
		1825A5091E58314100676294 /* Tofino Thin.ttf */ = {isa = PBXFileReference; lastKnownFileType = file; path = "Tofino Thin.ttf"; sourceTree = "<group>"; };
		1825A50A1E58314100676294 /* Tofino Ultra.ttf */ = {isa = PBXFileReference; lastKnownFileType = file; path = "Tofino Ultra.ttf"; sourceTree = "<group>"; };
		1825A5141E58347B00676294 /* UITabBarController+TitleView.swift */ = {isa = PBXFileReference; fileEncoding = 4; lastKnownFileType = sourcecode.swift; path = "UITabBarController+TitleView.swift"; sourceTree = "<group>"; };
		1825A51C1E583EDB00676294 /* FeedViewController.swift */ = {isa = PBXFileReference; fileEncoding = 4; lastKnownFileType = sourcecode.swift; path = FeedViewController.swift; sourceTree = "<group>"; };
		1825A51E1E5842BF00676294 /* ProjectUpdateSectionController.swift */ = {isa = PBXFileReference; fileEncoding = 4; lastKnownFileType = sourcecode.swift; path = ProjectUpdateSectionController.swift; sourceTree = "<group>"; };
		1825A5211E58434E00676294 /* ProjectUpdate.swift */ = {isa = PBXFileReference; fileEncoding = 4; lastKnownFileType = sourcecode.swift; name = ProjectUpdate.swift; path = Model/ProjectUpdate.swift; sourceTree = "<group>"; };
		1845345C1E5809FD0035409B /* Project Civ.app */ = {isa = PBXFileReference; explicitFileType = wrapper.application; includeInIndex = 0; path = "Project Civ.app"; sourceTree = BUILT_PRODUCTS_DIR; };
		1845345F1E5809FD0035409B /* AppDelegate.swift */ = {isa = PBXFileReference; lastKnownFileType = sourcecode.swift; path = AppDelegate.swift; sourceTree = "<group>"; };
		184534611E5809FD0035409B /* ViewController.swift */ = {isa = PBXFileReference; lastKnownFileType = sourcecode.swift; path = ViewController.swift; sourceTree = "<group>"; };
		184534641E5809FD0035409B /* Base */ = {isa = PBXFileReference; lastKnownFileType = file.storyboard; name = Base; path = Base.lproj/Main.storyboard; sourceTree = "<group>"; };
		184534661E5809FD0035409B /* Assets.xcassets */ = {isa = PBXFileReference; lastKnownFileType = folder.assetcatalog; path = Assets.xcassets; sourceTree = "<group>"; };
		184534691E5809FD0035409B /* Base */ = {isa = PBXFileReference; lastKnownFileType = file.storyboard; name = Base; path = Base.lproj/LaunchScreen.storyboard; sourceTree = "<group>"; };
		1845346B1E5809FD0035409B /* Info.plist */ = {isa = PBXFileReference; lastKnownFileType = text.plist.xml; path = Info.plist; sourceTree = "<group>"; };
		184534711E58145F0035409B /* Project.swift */ = {isa = PBXFileReference; fileEncoding = 4; lastKnownFileType = sourcecode.swift; name = Project.swift; path = Model/Project.swift; sourceTree = "<group>"; };
		184534731E5814DD0035409B /* NetworkTrialViewController.swift */ = {isa = PBXFileReference; fileEncoding = 4; lastKnownFileType = sourcecode.swift; path = NetworkTrialViewController.swift; sourceTree = "<group>"; };
		184534751E581A640035409B /* ProjectViewController.swift */ = {isa = PBXFileReference; fileEncoding = 4; lastKnownFileType = sourcecode.swift; path = ProjectViewController.swift; sourceTree = "<group>"; };
		184534771E581AB00035409B /* PostUpdateViewController.swift */ = {isa = PBXFileReference; fileEncoding = 4; lastKnownFileType = sourcecode.swift; path = PostUpdateViewController.swift; sourceTree = "<group>"; };
		184534791E581AE60035409B /* SuggestionViewController.swift */ = {isa = PBXFileReference; fileEncoding = 4; lastKnownFileType = sourcecode.swift; path = SuggestionViewController.swift; sourceTree = "<group>"; };
		185AA6771E58235B00E50847 /* NearbyProjectsViewController.swift */ = {isa = PBXFileReference; fileEncoding = 4; lastKnownFileType = sourcecode.swift; path = NearbyProjectsViewController.swift; sourceTree = "<group>"; };
		18978C051E5890EF0009A028 /* Arete.jpg */ = {isa = PBXFileReference; lastKnownFileType = image.jpeg; path = Arete.jpg; sourceTree = "<group>"; };
		18978C071E589CF50009A028 /* ProjectCoverViewCell.swift */ = {isa = PBXFileReference; fileEncoding = 4; lastKnownFileType = sourcecode.swift; path = ProjectCoverViewCell.swift; sourceTree = "<group>"; };
		18978C091E589E2A0009A028 /* ProjectCoverSectionController.swift */ = {isa = PBXFileReference; fileEncoding = 4; lastKnownFileType = sourcecode.swift; path = ProjectCoverSectionController.swift; sourceTree = "<group>"; };
		18990E541E58B8E000EBCF65 /* AddProjectViewController.swift */ = {isa = PBXFileReference; fileEncoding = 4; lastKnownFileType = sourcecode.swift; path = AddProjectViewController.swift; sourceTree = "<group>"; };
		18990E571E58C87B00EBCF65 /* CustomCells.swift */ = {isa = PBXFileReference; fileEncoding = 4; lastKnownFileType = sourcecode.swift; path = CustomCells.swift; sourceTree = "<group>"; };
		18990E5A1E58D79400EBCF65 /* ImagePickerController.swift */ = {isa = PBXFileReference; fileEncoding = 4; lastKnownFileType = sourcecode.swift; path = ImagePickerController.swift; sourceTree = "<group>"; };
		18990E5B1E58D79400EBCF65 /* ImageRow.swift */ = {isa = PBXFileReference; fileEncoding = 4; lastKnownFileType = sourcecode.swift; path = ImageRow.swift; sourceTree = "<group>"; };
		18990E5E1E58DAE300EBCF65 /* ProjectInfoViewController.swift */ = {isa = PBXFileReference; fileEncoding = 4; lastKnownFileType = sourcecode.swift; path = ProjectInfoViewController.swift; sourceTree = "<group>"; };
		18990E601E58DC3F00EBCF65 /* ProjectInfoSectionController.swift */ = {isa = PBXFileReference; fileEncoding = 4; lastKnownFileType = sourcecode.swift; path = ProjectInfoSectionController.swift; sourceTree = "<group>"; };
		18990E621E58DF0900EBCF65 /* BoldTextCell.swift */ = {isa = PBXFileReference; fileEncoding = 4; lastKnownFileType = sourcecode.swift; path = BoldTextCell.swift; sourceTree = "<group>"; };
		189D0E271E58A6300046DCD5 /* ProjectUpdateTitleCell.swift */ = {isa = PBXFileReference; fileEncoding = 4; lastKnownFileType = sourcecode.swift; path = ProjectUpdateTitleCell.swift; sourceTree = "<group>"; };
		189D0E2B1E58ABDA0046DCD5 /* hellohello.jpg */ = {isa = PBXFileReference; lastKnownFileType = image.jpeg; path = hellohello.jpg; sourceTree = "<group>"; };
		189D0E2D1E58B79B0046DCD5 /* TrackedProjectsViewController.swift */ = {isa = PBXFileReference; fileEncoding = 4; lastKnownFileType = sourcecode.swift; path = TrackedProjectsViewController.swift; sourceTree = "<group>"; };
		18A9A67F1E58E5AC00315A8E /* VoteSectionController.swift */ = {isa = PBXFileReference; fileEncoding = 4; lastKnownFileType = sourcecode.swift; path = VoteSectionController.swift; sourceTree = "<group>"; };
		18A9A6811E58E81700315A8E /* VoteCell.swift */ = {isa = PBXFileReference; fileEncoding = 4; lastKnownFileType = sourcecode.swift; path = VoteCell.swift; sourceTree = "<group>"; };
		18A9A6871E5900DB00315A8E /* DismissAnimator.swift */ = {isa = PBXFileReference; fileEncoding = 4; lastKnownFileType = sourcecode.swift; path = DismissAnimator.swift; sourceTree = "<group>"; };
		18A9A6891E59051E00315A8E /* Interactor.swift */ = {isa = PBXFileReference; fileEncoding = 4; lastKnownFileType = sourcecode.swift; path = Interactor.swift; sourceTree = "<group>"; };
		18A9A68B1E590F0E00315A8E /* Networker.swift */ = {isa = PBXFileReference; fileEncoding = 4; lastKnownFileType = sourcecode.swift; path = Networker.swift; sourceTree = "<group>"; };
		18C4E33C1E5938AD0032B538 /* GoogleService-Info.plist */ = {isa = PBXFileReference; fileEncoding = 4; lastKnownFileType = text.plist.xml; path = "GoogleService-Info.plist"; sourceTree = "<group>"; };
		18E391E41E58488600704FC0 /* TextCell.swift */ = {isa = PBXFileReference; fileEncoding = 4; lastKnownFileType = sourcecode.swift; path = TextCell.swift; sourceTree = "<group>"; };
		18E391E61E5848D000704FC0 /* TextSize.swift */ = {isa = PBXFileReference; fileEncoding = 4; lastKnownFileType = sourcecode.swift; path = TextSize.swift; sourceTree = "<group>"; };
		18E391E81E58585400704FC0 /* DateCell.swift */ = {isa = PBXFileReference; fileEncoding = 4; lastKnownFileType = sourcecode.swift; path = DateCell.swift; sourceTree = "<group>"; };
		18E391EA1E5859A500704FC0 /* StaticDataLoader.swift */ = {isa = PBXFileReference; fileEncoding = 4; lastKnownFileType = sourcecode.swift; path = StaticDataLoader.swift; sourceTree = "<group>"; };
		18E391EC1E585D4100704FC0 /* NSObject+IGListDiffable.swift */ = {isa = PBXFileReference; fileEncoding = 4; lastKnownFileType = sourcecode.swift; path = "NSObject+IGListDiffable.swift"; sourceTree = "<group>"; };
		18E391F01E586D9B00704FC0 /* ProjectNameLocationViewCell.swift */ = {isa = PBXFileReference; fileEncoding = 4; lastKnownFileType = sourcecode.swift; path = ProjectNameLocationViewCell.swift; sourceTree = "<group>"; };
		18E391F21E586F2800704FC0 /* UIColor+Hex.swift */ = {isa = PBXFileReference; fileEncoding = 4; lastKnownFileType = sourcecode.swift; path = "UIColor+Hex.swift"; sourceTree = "<group>"; };
		18E391F41E58725300704FC0 /* FeedProjectInfoSectionController.swift */ = {isa = PBXFileReference; fileEncoding = 4; lastKnownFileType = sourcecode.swift; path = FeedProjectInfoSectionController.swift; sourceTree = "<group>"; };
		18E391F71E587A7900704FC0 /* ImageCell.swift */ = {isa = PBXFileReference; fileEncoding = 4; lastKnownFileType = sourcecode.swift; path = ImageCell.swift; sourceTree = "<group>"; };
		8CDCB32C3FE2B6A7147CB779 /* Pods_Project_Civ.framework */ = {isa = PBXFileReference; explicitFileType = wrapper.framework; includeInIndex = 0; path = Pods_Project_Civ.framework; sourceTree = BUILT_PRODUCTS_DIR; };
		CD0B168ECDE434D8799DCBEE /* Pods-Project Civ.debug.xcconfig */ = {isa = PBXFileReference; includeInIndex = 1; lastKnownFileType = text.xcconfig; name = "Pods-Project Civ.debug.xcconfig"; path = "Pods/Target Support Files/Pods-Project Civ/Pods-Project Civ.debug.xcconfig"; sourceTree = "<group>"; };
/* End PBXFileReference section */

/* Begin PBXFrameworksBuildPhase section */
		184534591E5809FD0035409B /* Frameworks */ = {
			isa = PBXFrameworksBuildPhase;
			buildActionMask = 2147483647;
			files = (
				2BAC5DB7173EAB9575398F94 /* Pods_Project_Civ.framework in Frameworks */,
			);
			runOnlyForDeploymentPostprocessing = 0;
		};
/* End PBXFrameworksBuildPhase section */

/* Begin PBXGroup section */
		0B76E2833719EF5A6316A663 /* Frameworks */ = {
			isa = PBXGroup;
			children = (
				8CDCB32C3FE2B6A7147CB779 /* Pods_Project_Civ.framework */,
			);
			name = Frameworks;
			sourceTree = "<group>";
		};
		1825A5131E58314600676294 /* Tofino */ = {
			isa = PBXGroup;
			children = (
				1825A5031E58314100676294 /* Tofino Black.ttf */,
				1825A5041E58314100676294 /* Tofino Bold.ttf */,
				1825A5051E58314100676294 /* Tofino Book.ttf */,
				1825A5061E58314100676294 /* Tofino Light.ttf */,
				1825A5071E58314100676294 /* Tofino Medium.ttf */,
				1825A5081E58314100676294 /* Tofino Regular.ttf */,
				1825A5091E58314100676294 /* Tofino Thin.ttf */,
				1825A50A1E58314100676294 /* Tofino Ultra.ttf */,
			);
			name = Tofino;
			sourceTree = "<group>";
		};
		1825A5201E5842C200676294 /* Section Controller */ = {
			isa = PBXGroup;
			children = (
				18E391F61E58757300704FC0 /* Section Cells */,
				1825A51E1E5842BF00676294 /* ProjectUpdateSectionController.swift */,
				18990E601E58DC3F00EBCF65 /* ProjectInfoSectionController.swift */,
				18978C091E589E2A0009A028 /* ProjectCoverSectionController.swift */,
				189D0E2D1E58B79B0046DCD5 /* TrackedProjectsViewController.swift */,
				18E391F41E58725300704FC0 /* FeedProjectInfoSectionController.swift */,
				18E391EA1E5859A500704FC0 /* StaticDataLoader.swift */,
				18E391EC1E585D4100704FC0 /* NSObject+IGListDiffable.swift */,
				18A9A67F1E58E5AC00315A8E /* VoteSectionController.swift */,
				18990E571E58C87B00EBCF65 /* CustomCells.swift */,
			);
			name = "Section Controller";
			sourceTree = "<group>";
		};
		184534531E5809FD0035409B = {
			isa = PBXGroup;
			children = (
				1845345E1E5809FD0035409B /* Project Civ */,
				1845345D1E5809FD0035409B /* Products */,
				6D87CDF7B3F0199CC6B46CC4 /* Pods */,
				0B76E2833719EF5A6316A663 /* Frameworks */,
			);
			sourceTree = "<group>";
		};
		1845345D1E5809FD0035409B /* Products */ = {
			isa = PBXGroup;
			children = (
				1845345C1E5809FD0035409B /* Project Civ.app */,
			);
			name = Products;
			sourceTree = "<group>";
		};
		1845345E1E5809FD0035409B /* Project Civ */ = {
			isa = PBXGroup;
			children = (
				18A9A6891E59051E00315A8E /* Interactor.swift */,
				18A9A6871E5900DB00315A8E /* DismissAnimator.swift */,
				1845345F1E5809FD0035409B /* AppDelegate.swift */,
				1825A5141E58347B00676294 /* UITabBarController+TitleView.swift */,
				18E391E21E58484E00704FC0 /* View Controllers */,
				184534631E5809FD0035409B /* Main.storyboard */,
				18E391E31E58485900704FC0 /* Model */,
				18E391F21E586F2800704FC0 /* UIColor+Hex.swift */,
				18990E591E58D79400EBCF65 /* ImageRow */,
				1825A5201E5842C200676294 /* Section Controller */,
				184534661E5809FD0035409B /* Assets.xcassets */,
				184534681E5809FD0035409B /* LaunchScreen.storyboard */,
				1845346B1E5809FD0035409B /* Info.plist */,
				189D0E2B1E58ABDA0046DCD5 /* hellohello.jpg */,
				18978C051E5890EF0009A028 /* Arete.jpg */,
				18C4E33C1E5938AD0032B538 /* GoogleService-Info.plist */,
				1825A5131E58314600676294 /* Tofino */,
			);
			path = "Project Civ";
			sourceTree = "<group>";
		};
		18990E591E58D79400EBCF65 /* ImageRow */ = {
			isa = PBXGroup;
			children = (
				18990E5A1E58D79400EBCF65 /* ImagePickerController.swift */,
				18990E5B1E58D79400EBCF65 /* ImageRow.swift */,
			);
			path = ImageRow;
			sourceTree = "<group>";
		};
		18E391E21E58484E00704FC0 /* View Controllers */ = {
			isa = PBXGroup;
			children = (
				18990E541E58B8E000EBCF65 /* AddProjectViewController.swift */,
				184534611E5809FD0035409B /* ViewController.swift */,
				184534731E5814DD0035409B /* NetworkTrialViewController.swift */,
				1825A51C1E583EDB00676294 /* FeedViewController.swift */,
				185AA6771E58235B00E50847 /* NearbyProjectsViewController.swift */,
				184534751E581A640035409B /* ProjectViewController.swift */,
				18990E5E1E58DAE300EBCF65 /* ProjectInfoViewController.swift */,
				184534771E581AB00035409B /* PostUpdateViewController.swift */,
				184534791E581AE60035409B /* SuggestionViewController.swift */,
			);
			name = "View Controllers";
			sourceTree = "<group>";
		};
		18E391E31E58485900704FC0 /* Model */ = {
			isa = PBXGroup;
			children = (
				184534711E58145F0035409B /* Project.swift */,
				18A9A68B1E590F0E00315A8E /* Networker.swift */,
				1825A5211E58434E00676294 /* ProjectUpdate.swift */,
			);
			name = Model;
			sourceTree = "<group>";
		};
		18E391F61E58757300704FC0 /* Section Cells */ = {
			isa = PBXGroup;
			children = (
				18E391F71E587A7900704FC0 /* ImageCell.swift */,
				18E391F01E586D9B00704FC0 /* ProjectNameLocationViewCell.swift */,
				18978C071E589CF50009A028 /* ProjectCoverViewCell.swift */,
				18E391E41E58488600704FC0 /* TextCell.swift */,
				18A9A6811E58E81700315A8E /* VoteCell.swift */,
				189D0E271E58A6300046DCD5 /* ProjectUpdateTitleCell.swift */,
				18990E621E58DF0900EBCF65 /* BoldTextCell.swift */,
				18E391E61E5848D000704FC0 /* TextSize.swift */,
				18E391E81E58585400704FC0 /* DateCell.swift */,
			);
			name = "Section Cells";
			sourceTree = "<group>";
		};
		6D87CDF7B3F0199CC6B46CC4 /* Pods */ = {
			isa = PBXGroup;
			children = (
				CD0B168ECDE434D8799DCBEE /* Pods-Project Civ.debug.xcconfig */,
				10583D41268B7B00E1FCC537 /* Pods-Project Civ.release.xcconfig */,
			);
			name = Pods;
			sourceTree = "<group>";
		};
/* End PBXGroup section */

/* Begin PBXNativeTarget section */
		1845345B1E5809FD0035409B /* Project Civ */ = {
			isa = PBXNativeTarget;
			buildConfigurationList = 1845346E1E5809FD0035409B /* Build configuration list for PBXNativeTarget "Project Civ" */;
			buildPhases = (
				4D94F611709CF5E203CA84DB /* [CP] Check Pods Manifest.lock */,
				184534581E5809FD0035409B /* Sources */,
				184534591E5809FD0035409B /* Frameworks */,
				1845345A1E5809FD0035409B /* Resources */,
				67107C39255664BA21D9A627 /* [CP] Embed Pods Frameworks */,
				3F1ECD7BC46355AC138BB622 /* [CP] Copy Pods Resources */,
			);
			buildRules = (
			);
			dependencies = (
			);
			name = "Project Civ";
			productName = "Project Civ";
			productReference = 1845345C1E5809FD0035409B /* Project Civ.app */;
			productType = "com.apple.product-type.application";
		};
/* End PBXNativeTarget section */

/* Begin PBXProject section */
		184534541E5809FD0035409B /* Project object */ = {
			isa = PBXProject;
			attributes = {
				LastSwiftUpdateCheck = 0820;
				LastUpgradeCheck = 0820;
				ORGANIZATIONNAME = "Rogue Three";
				TargetAttributes = {
					1845345B1E5809FD0035409B = {
						CreatedOnToolsVersion = 8.2.1;
						DevelopmentTeam = AKTPE3FTGW;
						ProvisioningStyle = Automatic;
					};
				};
			};
			buildConfigurationList = 184534571E5809FD0035409B /* Build configuration list for PBXProject "Project Civ" */;
			compatibilityVersion = "Xcode 3.2";
			developmentRegion = English;
			hasScannedForEncodings = 0;
			knownRegions = (
				en,
				Base,
			);
			mainGroup = 184534531E5809FD0035409B;
			productRefGroup = 1845345D1E5809FD0035409B /* Products */;
			projectDirPath = "";
			projectRoot = "";
			targets = (
				1845345B1E5809FD0035409B /* Project Civ */,
			);
		};
/* End PBXProject section */

/* Begin PBXResourcesBuildPhase section */
		1845345A1E5809FD0035409B /* Resources */ = {
			isa = PBXResourcesBuildPhase;
			buildActionMask = 2147483647;
			files = (
				1825A50B1E58314100676294 /* Tofino Black.ttf in Resources */,
				1825A5121E58314100676294 /* Tofino Ultra.ttf in Resources */,
				1845346A1E5809FD0035409B /* LaunchScreen.storyboard in Resources */,
				1825A5101E58314100676294 /* Tofino Regular.ttf in Resources */,
				1825A5111E58314100676294 /* Tofino Thin.ttf in Resources */,
				18978C061E5890EF0009A028 /* Arete.jpg in Resources */,
				1825A50C1E58314100676294 /* Tofino Bold.ttf in Resources */,
				184534671E5809FD0035409B /* Assets.xcassets in Resources */,
				1825A50E1E58314100676294 /* Tofino Light.ttf in Resources */,
				189D0E2C1E58ABDA0046DCD5 /* hellohello.jpg in Resources */,
				18C4E33D1E5938AD0032B538 /* GoogleService-Info.plist in Resources */,
				1825A50F1E58314100676294 /* Tofino Medium.ttf in Resources */,
				184534651E5809FD0035409B /* Main.storyboard in Resources */,
				1825A50D1E58314100676294 /* Tofino Book.ttf in Resources */,
			);
			runOnlyForDeploymentPostprocessing = 0;
		};
/* End PBXResourcesBuildPhase section */

/* Begin PBXShellScriptBuildPhase section */
		3F1ECD7BC46355AC138BB622 /* [CP] Copy Pods Resources */ = {
			isa = PBXShellScriptBuildPhase;
			buildActionMask = 2147483647;
			files = (
			);
			inputPaths = (
			);
			name = "[CP] Copy Pods Resources";
			outputPaths = (
			);
			runOnlyForDeploymentPostprocessing = 0;
			shellPath = /bin/sh;
			shellScript = "\"${SRCROOT}/Pods/Target Support Files/Pods-Project Civ/Pods-Project Civ-resources.sh\"\n";
			showEnvVarsInLog = 0;
		};
		4D94F611709CF5E203CA84DB /* [CP] Check Pods Manifest.lock */ = {
			isa = PBXShellScriptBuildPhase;
			buildActionMask = 2147483647;
			files = (
			);
			inputPaths = (
			);
			name = "[CP] Check Pods Manifest.lock";
			outputPaths = (
			);
			runOnlyForDeploymentPostprocessing = 0;
			shellPath = /bin/sh;
			shellScript = "diff \"${PODS_ROOT}/../Podfile.lock\" \"${PODS_ROOT}/Manifest.lock\" > /dev/null\nif [ $? != 0 ] ; then\n    # print error to STDERR\n    echo \"error: The sandbox is not in sync with the Podfile.lock. Run 'pod install' or update your CocoaPods installation.\" >&2\n    exit 1\nfi\n";
			showEnvVarsInLog = 0;
		};
		67107C39255664BA21D9A627 /* [CP] Embed Pods Frameworks */ = {
			isa = PBXShellScriptBuildPhase;
			buildActionMask = 2147483647;
			files = (
			);
			inputPaths = (
			);
			name = "[CP] Embed Pods Frameworks";
			outputPaths = (
			);
			runOnlyForDeploymentPostprocessing = 0;
			shellPath = /bin/sh;
			shellScript = "\"${SRCROOT}/Pods/Target Support Files/Pods-Project Civ/Pods-Project Civ-frameworks.sh\"\n";
			showEnvVarsInLog = 0;
		};
/* End PBXShellScriptBuildPhase section */

/* Begin PBXSourcesBuildPhase section */
		184534581E5809FD0035409B /* Sources */ = {
			isa = PBXSourcesBuildPhase;
			buildActionMask = 2147483647;
			files = (
				18E391F31E586F2800704FC0 /* UIColor+Hex.swift in Sources */,
				18A9A6821E58E81700315A8E /* VoteCell.swift in Sources */,
				18A9A68C1E590F0E00315A8E /* Networker.swift in Sources */,
				18E391F51E58725300704FC0 /* FeedProjectInfoSectionController.swift in Sources */,
				18E391ED1E585D4100704FC0 /* NSObject+IGListDiffable.swift in Sources */,
				1845347A1E581AE60035409B /* SuggestionViewController.swift in Sources */,
				18990E551E58B8E000EBCF65 /* AddProjectViewController.swift in Sources */,
				184534761E581A640035409B /* ProjectViewController.swift in Sources */,
				18A9A6801E58E5AC00315A8E /* VoteSectionController.swift in Sources */,
				18978C0A1E589E2A0009A028 /* ProjectCoverSectionController.swift in Sources */,
				184534741E5814DE0035409B /* NetworkTrialViewController.swift in Sources */,
				18E391EB1E5859A500704FC0 /* StaticDataLoader.swift in Sources */,
				185AA6781E58235B00E50847 /* NearbyProjectsViewController.swift in Sources */,
				184534621E5809FD0035409B /* ViewController.swift in Sources */,
				18A9A6881E5900DB00315A8E /* DismissAnimator.swift in Sources */,
				1825A5151E58347B00676294 /* UITabBarController+TitleView.swift in Sources */,
				189D0E2E1E58B79B0046DCD5 /* TrackedProjectsViewController.swift in Sources */,
				18E391F11E586D9B00704FC0 /* ProjectNameLocationViewCell.swift in Sources */,
				1825A5221E58434E00676294 /* ProjectUpdate.swift in Sources */,
				18990E611E58DC3F00EBCF65 /* ProjectInfoSectionController.swift in Sources */,
				18E391E91E58585400704FC0 /* DateCell.swift in Sources */,
				18990E5F1E58DAE300EBCF65 /* ProjectInfoViewController.swift in Sources */,
				18990E581E58C87B00EBCF65 /* CustomCells.swift in Sources */,
				18990E631E58DF0900EBCF65 /* BoldTextCell.swift in Sources */,
				18E391F81E587A7900704FC0 /* ImageCell.swift in Sources */,
				1825A51F1E5842BF00676294 /* ProjectUpdateSectionController.swift in Sources */,
				18990E5C1E58D79400EBCF65 /* ImagePickerController.swift in Sources */,
				189D0E281E58A6300046DCD5 /* ProjectUpdateTitleCell.swift in Sources */,
				184534601E5809FD0035409B /* AppDelegate.swift in Sources */,
				18990E5D1E58D79400EBCF65 /* ImageRow.swift in Sources */,
				184534721E58145F0035409B /* Project.swift in Sources */,
				18A9A68A1E59051E00315A8E /* Interactor.swift in Sources */,
				18978C081E589CF50009A028 /* ProjectCoverViewCell.swift in Sources */,
				18E391E51E58488600704FC0 /* TextCell.swift in Sources */,
				18E391E71E5848D000704FC0 /* TextSize.swift in Sources */,
				1825A51D1E583EDB00676294 /* FeedViewController.swift in Sources */,
				184534781E581AB00035409B /* PostUpdateViewController.swift in Sources */,
			);
			runOnlyForDeploymentPostprocessing = 0;
		};
/* End PBXSourcesBuildPhase section */

/* Begin PBXVariantGroup section */
		184534631E5809FD0035409B /* Main.storyboard */ = {
			isa = PBXVariantGroup;
			children = (
				184534641E5809FD0035409B /* Base */,
			);
			name = Main.storyboard;
			sourceTree = "<group>";
		};
		184534681E5809FD0035409B /* LaunchScreen.storyboard */ = {
			isa = PBXVariantGroup;
			children = (
				184534691E5809FD0035409B /* Base */,
			);
			name = LaunchScreen.storyboard;
			sourceTree = "<group>";
		};
/* End PBXVariantGroup section */

/* Begin XCBuildConfiguration section */
		1845346C1E5809FD0035409B /* Debug */ = {
			isa = XCBuildConfiguration;
			buildSettings = {
				ALWAYS_SEARCH_USER_PATHS = NO;
				CLANG_ANALYZER_NONNULL = YES;
				CLANG_CXX_LANGUAGE_STANDARD = "gnu++0x";
				CLANG_CXX_LIBRARY = "libc++";
				CLANG_ENABLE_MODULES = YES;
				CLANG_ENABLE_OBJC_ARC = YES;
				CLANG_WARN_BOOL_CONVERSION = YES;
				CLANG_WARN_CONSTANT_CONVERSION = YES;
				CLANG_WARN_DIRECT_OBJC_ISA_USAGE = YES_ERROR;
				CLANG_WARN_DOCUMENTATION_COMMENTS = YES;
				CLANG_WARN_EMPTY_BODY = YES;
				CLANG_WARN_ENUM_CONVERSION = YES;
				CLANG_WARN_INFINITE_RECURSION = YES;
				CLANG_WARN_INT_CONVERSION = YES;
				CLANG_WARN_OBJC_ROOT_CLASS = YES_ERROR;
				CLANG_WARN_SUSPICIOUS_MOVE = YES;
				CLANG_WARN_UNREACHABLE_CODE = YES;
				CLANG_WARN__DUPLICATE_METHOD_MATCH = YES;
				"CODE_SIGN_IDENTITY[sdk=iphoneos*]" = "iPhone Developer";
				COPY_PHASE_STRIP = NO;
				DEBUG_INFORMATION_FORMAT = dwarf;
				ENABLE_STRICT_OBJC_MSGSEND = YES;
				ENABLE_TESTABILITY = YES;
				GCC_C_LANGUAGE_STANDARD = gnu99;
				GCC_DYNAMIC_NO_PIC = NO;
				GCC_NO_COMMON_BLOCKS = YES;
				GCC_OPTIMIZATION_LEVEL = 0;
				GCC_PREPROCESSOR_DEFINITIONS = (
					"DEBUG=1",
					"$(inherited)",
				);
				GCC_WARN_64_TO_32_BIT_CONVERSION = YES;
				GCC_WARN_ABOUT_RETURN_TYPE = YES_ERROR;
				GCC_WARN_UNDECLARED_SELECTOR = YES;
				GCC_WARN_UNINITIALIZED_AUTOS = YES_AGGRESSIVE;
				GCC_WARN_UNUSED_FUNCTION = YES;
				GCC_WARN_UNUSED_VARIABLE = YES;
				IPHONEOS_DEPLOYMENT_TARGET = 10.2;
				MTL_ENABLE_DEBUG_INFO = YES;
				ONLY_ACTIVE_ARCH = YES;
				SDKROOT = iphoneos;
				SWIFT_ACTIVE_COMPILATION_CONDITIONS = DEBUG;
				SWIFT_OPTIMIZATION_LEVEL = "-Onone";
			};
			name = Debug;
		};
		1845346D1E5809FD0035409B /* Release */ = {
			isa = XCBuildConfiguration;
			buildSettings = {
				ALWAYS_SEARCH_USER_PATHS = NO;
				CLANG_ANALYZER_NONNULL = YES;
				CLANG_CXX_LANGUAGE_STANDARD = "gnu++0x";
				CLANG_CXX_LIBRARY = "libc++";
				CLANG_ENABLE_MODULES = YES;
				CLANG_ENABLE_OBJC_ARC = YES;
				CLANG_WARN_BOOL_CONVERSION = YES;
				CLANG_WARN_CONSTANT_CONVERSION = YES;
				CLANG_WARN_DIRECT_OBJC_ISA_USAGE = YES_ERROR;
				CLANG_WARN_DOCUMENTATION_COMMENTS = YES;
				CLANG_WARN_EMPTY_BODY = YES;
				CLANG_WARN_ENUM_CONVERSION = YES;
				CLANG_WARN_INFINITE_RECURSION = YES;
				CLANG_WARN_INT_CONVERSION = YES;
				CLANG_WARN_OBJC_ROOT_CLASS = YES_ERROR;
				CLANG_WARN_SUSPICIOUS_MOVE = YES;
				CLANG_WARN_UNREACHABLE_CODE = YES;
				CLANG_WARN__DUPLICATE_METHOD_MATCH = YES;
				"CODE_SIGN_IDENTITY[sdk=iphoneos*]" = "iPhone Developer";
				COPY_PHASE_STRIP = NO;
				DEBUG_INFORMATION_FORMAT = "dwarf-with-dsym";
				ENABLE_NS_ASSERTIONS = NO;
				ENABLE_STRICT_OBJC_MSGSEND = YES;
				GCC_C_LANGUAGE_STANDARD = gnu99;
				GCC_NO_COMMON_BLOCKS = YES;
				GCC_WARN_64_TO_32_BIT_CONVERSION = YES;
				GCC_WARN_ABOUT_RETURN_TYPE = YES_ERROR;
				GCC_WARN_UNDECLARED_SELECTOR = YES;
				GCC_WARN_UNINITIALIZED_AUTOS = YES_AGGRESSIVE;
				GCC_WARN_UNUSED_FUNCTION = YES;
				GCC_WARN_UNUSED_VARIABLE = YES;
				IPHONEOS_DEPLOYMENT_TARGET = 10.2;
				MTL_ENABLE_DEBUG_INFO = NO;
				SDKROOT = iphoneos;
				SWIFT_OPTIMIZATION_LEVEL = "-Owholemodule";
				VALIDATE_PRODUCT = YES;
			};
			name = Release;
		};
		1845346F1E5809FD0035409B /* Debug */ = {
			isa = XCBuildConfiguration;
			baseConfigurationReference = CD0B168ECDE434D8799DCBEE /* Pods-Project Civ.debug.xcconfig */;
			buildSettings = {
				ASSETCATALOG_COMPILER_APPICON_NAME = AppIcon;
				DEVELOPMENT_TEAM = AKTPE3FTGW;
				INFOPLIST_FILE = "Project Civ/Info.plist";
				LD_RUNPATH_SEARCH_PATHS = "$(inherited) @executable_path/Frameworks";
				PRODUCT_BUNDLE_IDENTIFIER = "com.roguethree.Project-Civ";
				PRODUCT_NAME = "$(TARGET_NAME)";
				SWIFT_VERSION = 3.0;
			};
			name = Debug;
		};
		184534701E5809FD0035409B /* Release */ = {
			isa = XCBuildConfiguration;
			baseConfigurationReference = 10583D41268B7B00E1FCC537 /* Pods-Project Civ.release.xcconfig */;
			buildSettings = {
				ASSETCATALOG_COMPILER_APPICON_NAME = AppIcon;
				DEVELOPMENT_TEAM = AKTPE3FTGW;
				INFOPLIST_FILE = "Project Civ/Info.plist";
				LD_RUNPATH_SEARCH_PATHS = "$(inherited) @executable_path/Frameworks";
				PRODUCT_BUNDLE_IDENTIFIER = "com.roguethree.Project-Civ";
				PRODUCT_NAME = "$(TARGET_NAME)";
				SWIFT_VERSION = 3.0;
			};
			name = Release;
		};
/* End XCBuildConfiguration section */

/* Begin XCConfigurationList section */
		184534571E5809FD0035409B /* Build configuration list for PBXProject "Project Civ" */ = {
			isa = XCConfigurationList;
			buildConfigurations = (
				1845346C1E5809FD0035409B /* Debug */,
				1845346D1E5809FD0035409B /* Release */,
			);
			defaultConfigurationIsVisible = 0;
			defaultConfigurationName = Release;
		};
		1845346E1E5809FD0035409B /* Build configuration list for PBXNativeTarget "Project Civ" */ = {
			isa = XCConfigurationList;
			buildConfigurations = (
				1845346F1E5809FD0035409B /* Debug */,
				184534701E5809FD0035409B /* Release */,
			);
			defaultConfigurationIsVisible = 0;
			defaultConfigurationName = Release;
		};
/* End XCConfigurationList section */
	};
	rootObject = 184534541E5809FD0035409B /* Project object */;
}
